
Microsoft Visual Studio Solution File, Format Version 12.00
# Visual Studio Version 16
VisualStudioVersion = 16.0.30413.136
MinimumVisualStudioVersion = 10.0.40219.1
Project("{FAE04EC0-301F-11D3-BF4B-00C04F79EFBC}") = "Lab3_AOCI", "Lab3_AOCI\Lab3_AOCI.csproj", "{D1569DA1-9393-4488-85C3-91DA01EE6FC6}"
EndProject
Global
	GlobalSection(SolutionConfigurationPlatforms) = preSolution
		Debug|Any CPU = Debug|Any CPU
		Release|Any CPU = Release|Any CPU
	EndGlobalSection
	GlobalSection(ProjectConfigurationPlatforms) = postSolution
		{D1569DA1-9393-4488-85C3-91DA01EE6FC6}.Debug|Any CPU.ActiveCfg = Debug|Any CPU
		{D1569DA1-9393-4488-85C3-91DA01EE6FC6}.Debug|Any CPU.Build.0 = Debug|Any CPU
		{D1569DA1-9393-4488-85C3-91DA01EE6FC6}.Release|Any CPU.ActiveCfg = Release|Any CPU
		{D1569DA1-9393-4488-85C3-91DA01EE6FC6}.Release|Any CPU.Build.0 = Release|Any CPU
	EndGlobalSection
	GlobalSection(SolutionProperties) = preSolution
		HideSolutionNode = FALSE
	EndGlobalSection
	GlobalSection(ExtensibilityGlobals) = postSolution
		SolutionGuid = {BCDE456D-3B65-4C00-AFC2-63565B5529B2}
	EndGlobalSection
EndGlobal
